
Microsoft Visual Studio Solution File, Format Version 12.00
# Visual Studio 15
VisualStudioVersion = 15.0.33026.149
MinimumVisualStudioVersion = 10.0.40219.1
Project("{FAE04EC0-301F-11D3-BF4B-00C04F79EFBC}") = "MetotEnBuyukBul", "MetotEnBuyukBul\MetotEnBuyukBul.csproj", "{E00BCBC7-0356-417A-AE8E-79F63E48FFBE}"
EndProject
Global
	GlobalSection(SolutionConfigurationPlatforms) = preSolution
		Debug|Any CPU = Debug|Any CPU
		Release|Any CPU = Release|Any CPU
	EndGlobalSection
	GlobalSection(ProjectConfigurationPlatforms) = postSolution
		{E00BCBC7-0356-417A-AE8E-79F63E48FFBE}.Debug|Any CPU.ActiveCfg = Debug|Any CPU
		{E00BCBC7-0356-417A-AE8E-79F63E48FFBE}.Debug|Any CPU.Build.0 = Debug|Any CPU
		{E00BCBC7-0356-417A-AE8E-79F63E48FFBE}.Release|Any CPU.ActiveCfg = Release|Any CPU
		{E00BCBC7-0356-417A-AE8E-79F63E48FFBE}.Release|Any CPU.Build.0 = Release|Any CPU
	EndGlobalSection
	GlobalSection(SolutionProperties) = preSolution
		HideSolutionNode = FALSE
	EndGlobalSection
	GlobalSection(ExtensibilityGlobals) = postSolution
		SolutionGuid = {748F6B40-CC40-4563-9A72-2331BDD903EA}
	EndGlobalSection
EndGlobal
