
Microsoft Visual Studio Solution File, Format Version 12.00
# Visual Studio 15
VisualStudioVersion = 15.0.28307.2092
MinimumVisualStudioVersion = 10.0.40219.1
Project("{FAE04EC0-301F-11D3-BF4B-00C04F79EFBC}") = "FromOlaylar", "FromOlaylar\FromOlaylar.csproj", "{7605F24D-A594-4B19-82C6-414B99013445}"
EndProject
Global
	GlobalSection(SolutionConfigurationPlatforms) = preSolution
		Debug|Any CPU = Debug|Any CPU
		Release|Any CPU = Release|Any CPU
	EndGlobalSection
	GlobalSection(ProjectConfigurationPlatforms) = postSolution
		{7605F24D-A594-4B19-82C6-414B99013445}.Debug|Any CPU.ActiveCfg = Debug|Any CPU
		{7605F24D-A594-4B19-82C6-414B99013445}.Debug|Any CPU.Build.0 = Debug|Any CPU
		{7605F24D-A594-4B19-82C6-414B99013445}.Release|Any CPU.ActiveCfg = Release|Any CPU
		{7605F24D-A594-4B19-82C6-414B99013445}.Release|Any CPU.Build.0 = Release|Any CPU
	EndGlobalSection
	GlobalSection(SolutionProperties) = preSolution
		HideSolutionNode = FALSE
	EndGlobalSection
	GlobalSection(ExtensibilityGlobals) = postSolution
		SolutionGuid = {9581F6DE-D7F5-48B9-AB9E-1A8F8414A5BA}
	EndGlobalSection
EndGlobal
