
Microsoft Visual Studio Solution File, Format Version 12.00
# Visual Studio 15
VisualStudioVersion = 15.0.33026.149
MinimumVisualStudioVersion = 10.0.40219.1
Project("{FAE04EC0-301F-11D3-BF4B-00C04F79EFBC}") = "MetotlarYeniden", "MetotlarYeniden\MetotlarYeniden.csproj", "{7E9EF194-36E7-4249-8AD3-B239057FB2AD}"
EndProject
Global
	GlobalSection(SolutionConfigurationPlatforms) = preSolution
		Debug|Any CPU = Debug|Any CPU
		Release|Any CPU = Release|Any CPU
	EndGlobalSection
	GlobalSection(ProjectConfigurationPlatforms) = postSolution
		{7E9EF194-36E7-4249-8AD3-B239057FB2AD}.Debug|Any CPU.ActiveCfg = Debug|Any CPU
		{7E9EF194-36E7-4249-8AD3-B239057FB2AD}.Debug|Any CPU.Build.0 = Debug|Any CPU
		{7E9EF194-36E7-4249-8AD3-B239057FB2AD}.Release|Any CPU.ActiveCfg = Release|Any CPU
		{7E9EF194-36E7-4249-8AD3-B239057FB2AD}.Release|Any CPU.Build.0 = Release|Any CPU
	EndGlobalSection
	GlobalSection(SolutionProperties) = preSolution
		HideSolutionNode = FALSE
	EndGlobalSection
	GlobalSection(ExtensibilityGlobals) = postSolution
		SolutionGuid = {5649461F-D22E-4A1D-8E84-8E698D537D71}
	EndGlobalSection
EndGlobal
