
Microsoft Visual Studio Solution File, Format Version 12.00
# Visual Studio 15
VisualStudioVersion = 15.0.28307.2092
MinimumVisualStudioVersion = 10.0.40219.1
Project("{FAE04EC0-301F-11D3-BF4B-00C04F79EFBC}") = "SwitchKontor", "SwitchKontor\SwitchKontor.csproj", "{D3F050A9-8250-4C10-AB13-3D89D744DBE8}"
EndProject
Global
	GlobalSection(SolutionConfigurationPlatforms) = preSolution
		Debug|Any CPU = Debug|Any CPU
		Release|Any CPU = Release|Any CPU
	EndGlobalSection
	GlobalSection(ProjectConfigurationPlatforms) = postSolution
		{D3F050A9-8250-4C10-AB13-3D89D744DBE8}.Debug|Any CPU.ActiveCfg = Debug|Any CPU
		{D3F050A9-8250-4C10-AB13-3D89D744DBE8}.Debug|Any CPU.Build.0 = Debug|Any CPU
		{D3F050A9-8250-4C10-AB13-3D89D744DBE8}.Release|Any CPU.ActiveCfg = Release|Any CPU
		{D3F050A9-8250-4C10-AB13-3D89D744DBE8}.Release|Any CPU.Build.0 = Release|Any CPU
	EndGlobalSection
	GlobalSection(SolutionProperties) = preSolution
		HideSolutionNode = FALSE
	EndGlobalSection
	GlobalSection(ExtensibilityGlobals) = postSolution
		SolutionGuid = {8660E666-D438-4FF2-9D07-6A5C55C9289D}
	EndGlobalSection
EndGlobal
