
Microsoft Visual Studio Solution File, Format Version 12.00
# Visual Studio 15
VisualStudioVersion = 15.0.28307.2092
MinimumVisualStudioVersion = 10.0.40219.1
Project("{FAE04EC0-301F-11D3-BF4B-00C04F79EFBC}") = "OrtalamaBul", "OrtalamaBul\OrtalamaBul.csproj", "{A6C10BEC-D081-4E08-9EC3-0DBDDFA3C609}"
EndProject
Global
	GlobalSection(SolutionConfigurationPlatforms) = preSolution
		Debug|Any CPU = Debug|Any CPU
		Release|Any CPU = Release|Any CPU
	EndGlobalSection
	GlobalSection(ProjectConfigurationPlatforms) = postSolution
		{A6C10BEC-D081-4E08-9EC3-0DBDDFA3C609}.Debug|Any CPU.ActiveCfg = Debug|Any CPU
		{A6C10BEC-D081-4E08-9EC3-0DBDDFA3C609}.Debug|Any CPU.Build.0 = Debug|Any CPU
		{A6C10BEC-D081-4E08-9EC3-0DBDDFA3C609}.Release|Any CPU.ActiveCfg = Release|Any CPU
		{A6C10BEC-D081-4E08-9EC3-0DBDDFA3C609}.Release|Any CPU.Build.0 = Release|Any CPU
	EndGlobalSection
	GlobalSection(SolutionProperties) = preSolution
		HideSolutionNode = FALSE
	EndGlobalSection
	GlobalSection(ExtensibilityGlobals) = postSolution
		SolutionGuid = {1EE2751E-DC6B-4847-8C3A-64E840C0450A}
	EndGlobalSection
EndGlobal
