
Microsoft Visual Studio Solution File, Format Version 12.00
# Visual Studio 15
VisualStudioVersion = 15.0.28307.2092
MinimumVisualStudioVersion = 10.0.40219.1
Project("{FAE04EC0-301F-11D3-BF4B-00C04F79EFBC}") = "ArtanBoslukAzalanYildiz", "ArtanBoslukAzalanYildiz\ArtanBoslukAzalanYildiz.csproj", "{5B4FEA23-ABA8-4450-9F72-C5A787F26771}"
EndProject
Global
	GlobalSection(SolutionConfigurationPlatforms) = preSolution
		Debug|Any CPU = Debug|Any CPU
		Release|Any CPU = Release|Any CPU
	EndGlobalSection
	GlobalSection(ProjectConfigurationPlatforms) = postSolution
		{5B4FEA23-ABA8-4450-9F72-C5A787F26771}.Debug|Any CPU.ActiveCfg = Debug|Any CPU
		{5B4FEA23-ABA8-4450-9F72-C5A787F26771}.Debug|Any CPU.Build.0 = Debug|Any CPU
		{5B4FEA23-ABA8-4450-9F72-C5A787F26771}.Release|Any CPU.ActiveCfg = Release|Any CPU
		{5B4FEA23-ABA8-4450-9F72-C5A787F26771}.Release|Any CPU.Build.0 = Release|Any CPU
	EndGlobalSection
	GlobalSection(SolutionProperties) = preSolution
		HideSolutionNode = FALSE
	EndGlobalSection
	GlobalSection(ExtensibilityGlobals) = postSolution
		SolutionGuid = {D5DF0C3E-3234-47C0-BE7A-4DCF41890311}
	EndGlobalSection
EndGlobal
