
Microsoft Visual Studio Solution File, Format Version 12.00
# Visual Studio 15
VisualStudioVersion = 15.0.28307.2092
MinimumVisualStudioVersion = 10.0.40219.1
Project("{FAE04EC0-301F-11D3-BF4B-00C04F79EFBC}") = "Switch2", "Switch2\Switch2.csproj", "{801F404F-DDBC-4347-A1CA-90A454E22D4E}"
EndProject
Global
	GlobalSection(SolutionConfigurationPlatforms) = preSolution
		Debug|Any CPU = Debug|Any CPU
		Release|Any CPU = Release|Any CPU
	EndGlobalSection
	GlobalSection(ProjectConfigurationPlatforms) = postSolution
		{801F404F-DDBC-4347-A1CA-90A454E22D4E}.Debug|Any CPU.ActiveCfg = Debug|Any CPU
		{801F404F-DDBC-4347-A1CA-90A454E22D4E}.Debug|Any CPU.Build.0 = Debug|Any CPU
		{801F404F-DDBC-4347-A1CA-90A454E22D4E}.Release|Any CPU.ActiveCfg = Release|Any CPU
		{801F404F-DDBC-4347-A1CA-90A454E22D4E}.Release|Any CPU.Build.0 = Release|Any CPU
	EndGlobalSection
	GlobalSection(SolutionProperties) = preSolution
		HideSolutionNode = FALSE
	EndGlobalSection
	GlobalSection(ExtensibilityGlobals) = postSolution
		SolutionGuid = {FFD94BBC-B786-4C22-B1A1-7127EE28CA26}
	EndGlobalSection
EndGlobal
