
Microsoft Visual Studio Solution File, Format Version 12.00
# Visual Studio 15
VisualStudioVersion = 15.0.28307.2092
MinimumVisualStudioVersion = 10.0.40219.1
Project("{FAE04EC0-301F-11D3-BF4B-00C04F79EFBC}") = "AzalanBoslukArtanYildiz", "AzalanBoslukArtanYildiz\AzalanBoslukArtanYildiz.csproj", "{EC58FFBC-E575-46AD-89C5-C130E7C6CF1A}"
EndProject
Global
	GlobalSection(SolutionConfigurationPlatforms) = preSolution
		Debug|Any CPU = Debug|Any CPU
		Release|Any CPU = Release|Any CPU
	EndGlobalSection
	GlobalSection(ProjectConfigurationPlatforms) = postSolution
		{EC58FFBC-E575-46AD-89C5-C130E7C6CF1A}.Debug|Any CPU.ActiveCfg = Debug|Any CPU
		{EC58FFBC-E575-46AD-89C5-C130E7C6CF1A}.Debug|Any CPU.Build.0 = Debug|Any CPU
		{EC58FFBC-E575-46AD-89C5-C130E7C6CF1A}.Release|Any CPU.ActiveCfg = Release|Any CPU
		{EC58FFBC-E575-46AD-89C5-C130E7C6CF1A}.Release|Any CPU.Build.0 = Release|Any CPU
	EndGlobalSection
	GlobalSection(SolutionProperties) = preSolution
		HideSolutionNode = FALSE
	EndGlobalSection
	GlobalSection(ExtensibilityGlobals) = postSolution
		SolutionGuid = {0C5370FC-9A2F-416B-913C-F564601323D3}
	EndGlobalSection
EndGlobal
