
Microsoft Visual Studio Solution File, Format Version 12.00
# Visual Studio 15
VisualStudioVersion = 15.0.33026.149
MinimumVisualStudioVersion = 10.0.40219.1
Project("{FAE04EC0-301F-11D3-BF4B-00C04F79EFBC}") = "SeriPortChatProgrami1", "SeriPortChatProgrami1\SeriPortChatProgrami1.csproj", "{EC76F400-0C93-4F35-BF3B-84F2AF02348C}"
EndProject
Global
	GlobalSection(SolutionConfigurationPlatforms) = preSolution
		Debug|Any CPU = Debug|Any CPU
		Release|Any CPU = Release|Any CPU
	EndGlobalSection
	GlobalSection(ProjectConfigurationPlatforms) = postSolution
		{EC76F400-0C93-4F35-BF3B-84F2AF02348C}.Debug|Any CPU.ActiveCfg = Debug|Any CPU
		{EC76F400-0C93-4F35-BF3B-84F2AF02348C}.Debug|Any CPU.Build.0 = Debug|Any CPU
		{EC76F400-0C93-4F35-BF3B-84F2AF02348C}.Release|Any CPU.ActiveCfg = Release|Any CPU
		{EC76F400-0C93-4F35-BF3B-84F2AF02348C}.Release|Any CPU.Build.0 = Release|Any CPU
	EndGlobalSection
	GlobalSection(SolutionProperties) = preSolution
		HideSolutionNode = FALSE
	EndGlobalSection
	GlobalSection(ExtensibilityGlobals) = postSolution
		SolutionGuid = {65D74212-7C66-43A7-A04E-D41AA9AA4371}
	EndGlobalSection
EndGlobal
